
Microsoft Visual Studio Solution File, Format Version 12.00
# Visual Studio 15
VisualStudioVersion = 15.0.28307.271
MinimumVisualStudioVersion = 10.0.40219.1
Project("{FAE04EC0-301F-11D3-BF4B-00C04F79EFBC}") = "QuijoteFacturaWF", "QuijoteFacturaWF\QuijoteFacturaWF.csproj", "{B95F7186-7F23-493F-A06B-C8F6EC0CE4DF}"
EndProject
Project("{FAE04EC0-301F-11D3-BF4B-00C04F79EFBC}") = "QuijoteFacturaWF.Tests", "QuijoteFacturaWF.Tests\QuijoteFacturaWF.Tests.csproj", "{8BB5AA93-089F-46F0-904F-31D227292B54}"
EndProject
Global
	GlobalSection(SolutionConfigurationPlatforms) = preSolution
		Debug|Any CPU = Debug|Any CPU
		Release|Any CPU = Release|Any CPU
	EndGlobalSection
	GlobalSection(ProjectConfigurationPlatforms) = postSolution
		{B95F7186-7F23-493F-A06B-C8F6EC0CE4DF}.Debug|Any CPU.ActiveCfg = Debug|Any CPU
		{B95F7186-7F23-493F-A06B-C8F6EC0CE4DF}.Debug|Any CPU.Build.0 = Debug|Any CPU
		{B95F7186-7F23-493F-A06B-C8F6EC0CE4DF}.Release|Any CPU.ActiveCfg = Release|Any CPU
		{B95F7186-7F23-493F-A06B-C8F6EC0CE4DF}.Release|Any CPU.Build.0 = Release|Any CPU
		{8BB5AA93-089F-46F0-904F-31D227292B54}.Debug|Any CPU.ActiveCfg = Debug|Any CPU
		{8BB5AA93-089F-46F0-904F-31D227292B54}.Debug|Any CPU.Build.0 = Debug|Any CPU
		{8BB5AA93-089F-46F0-904F-31D227292B54}.Release|Any CPU.ActiveCfg = Release|Any CPU
		{8BB5AA93-089F-46F0-904F-31D227292B54}.Release|Any CPU.Build.0 = Release|Any CPU
	EndGlobalSection
	GlobalSection(SolutionProperties) = preSolution
		HideSolutionNode = FALSE
	EndGlobalSection
	GlobalSection(ExtensibilityGlobals) = postSolution
		SolutionGuid = {707BA90E-6A46-49D7-B46F-1138ACBD959F}
	EndGlobalSection
EndGlobal
